// !$*UTF8*$!
{
	archiveVersion = 1;
	classes = {
	};
	objectVersion = 46;
	objects = {

/* Begin PBXBuildFile section */
		120B089F1BAF44D500AC7D27 /* FacebookUtils.m in Sources */ = {isa = PBXBuildFile; fileRef = 120B089E1BAF44D500AC7D27 /* FacebookUtils.m */; settings = {ASSET_TAGS = (); }; };
		120FBC171BA7AC6C00AC3D01 /* Wolf in the City.otf in Resources */ = {isa = PBXBuildFile; fileRef = 120FBC161BA7AC6C00AC3D01 /* Wolf in the City.otf */; };
		120FBC191BA7AC9B00AC3D01 /* Waiting.xib in Resources */ = {isa = PBXBuildFile; fileRef = 120FBC181BA7AC9B00AC3D01 /* Waiting.xib */; };
		120FBC1B1BA7AEE900AC3D01 /* Market Deco.ttf in Resources */ = {isa = PBXBuildFile; fileRef = 120FBC1A1BA7AEE900AC3D01 /* Market Deco.ttf */; };
		120FBC1F1BA7B3D100AC3D01 /* LoadingViewController.m in Sources */ = {isa = PBXBuildFile; fileRef = 120FBC1E1BA7B3D100AC3D01 /* LoadingViewController.m */; };
		129810861B9E2FB50028E165 /* LoadingScreen.xib in Resources */ = {isa = PBXBuildFile; fileRef = 129810851B9E2FB50028E165 /* LoadingScreen.xib */; };
		129CDEB61B947B1100D94230 /* AOLinkedStoryboardSegue.m in Sources */ = {isa = PBXBuildFile; fileRef = 129CDEB51B947B1100D94230 /* AOLinkedStoryboardSegue.m */; };
		12A61C741BA9C47B00A6C228 /* MakeLoveAgainViewController.m in Sources */ = {isa = PBXBuildFile; fileRef = 12A61C731BA9C47B00A6C228 /* MakeLoveAgainViewController.m */; };
		12A61C7B1BAA144E00A6C228 /* RequestsViewController.m in Sources */ = {isa = PBXBuildFile; fileRef = 12A61C7A1BAA144E00A6C228 /* RequestsViewController.m */; };
		12B0B95E1BA26BDD00AC9DAD /* UIView+LoadingScreen.m in Sources */ = {isa = PBXBuildFile; fileRef = 12B0B95D1BA26BDD00AC9DAD /* UIView+LoadingScreen.m */; };
		12B0B9611BA26CC700AC9DAD /* ParseUtils.m in Sources */ = {isa = PBXBuildFile; fileRef = 12B0B9601BA26CC700AC9DAD /* ParseUtils.m */; };
		12B0B9631BA661E300AC9DAD /* FriendsListViewController.m in Sources */ = {isa = PBXBuildFile; fileRef = 12B0B9621BA661E300AC9DAD /* FriendsListViewController.m */; };
		12B0B9661BA702A500AC9DAD /* RequestManager.m in Sources */ = {isa = PBXBuildFile; fileRef = 12B0B9651BA702A500AC9DAD /* RequestManager.m */; };
		12BB5FEA1B9E794200333726 /* ChatViewController.m in Sources */ = {isa = PBXBuildFile; fileRef = 12BB5FE91B9E794200333726 /* ChatViewController.m */; };
		12BB5FED1B9E7ABB00333726 /* ChatManager.m in Sources */ = {isa = PBXBuildFile; fileRef = 12BB5FEC1B9E7ABB00333726 /* ChatManager.m */; };
		12BB5FF01B9E7AEE00333726 /* Constants.m in Sources */ = {isa = PBXBuildFile; fileRef = 12BB5FEF1B9E7AEE00333726 /* Constants.m */; };
		12BB5FF31B9E7B3C00333726 /* Message.m in Sources */ = {isa = PBXBuildFile; fileRef = 12BB5FF21B9E7B3C00333726 /* Message.m */; };
		12C043931BABBB5B00D842B0 /* RequestFriendTableViewCell.m in Sources */ = {isa = PBXBuildFile; fileRef = 12C043921BABBB5B00D842B0 /* RequestFriendTableViewCell.m */; };
		12D9576F1B8A4220002D6A7A /* Booms.storyboard in Resources */ = {isa = PBXBuildFile; fileRef = 12D9576E1B8A4220002D6A7A /* Booms.storyboard */; };
		12E5FED31B921EEA0096AABE /* FriendTableViewCell.m in Sources */ = {isa = PBXBuildFile; fileRef = 12E5FED21B921EEA0096AABE /* FriendTableViewCell.m */; };
		12E5FED61B93BD0D0096AABE /* GenderTableViewCell.m in Sources */ = {isa = PBXBuildFile; fileRef = 12E5FED51B93BD0D0096AABE /* GenderTableViewCell.m */; };
		12ED71CC1BA8DD1F0069A6E8 /* WaitingViewController.m in Sources */ = {isa = PBXBuildFile; fileRef = 12ED71CB1BA8DD1F0069A6E8 /* WaitingViewController.m */; };
		12ED71CF1BA8DE7E0069A6E8 /* UIView+WaitingScreen.m in Sources */ = {isa = PBXBuildFile; fileRef = 12ED71CE1BA8DE7E0069A6E8 /* UIView+WaitingScreen.m */; };
		12ED71D51BA920250069A6E8 /* FriendsManager.m in Sources */ = {isa = PBXBuildFile; fileRef = 12ED71D41BA920250069A6E8 /* FriendsManager.m */; };
		12F2232E1BACA44300CF3A87 /* FriendsManagerTests.m in Sources */ = {isa = PBXBuildFile; fileRef = 12F2232D1BACA44300CF3A87 /* FriendsManagerTests.m */; };
		26375CCC1B85376200AEA146 /* main.m in Sources */ = {isa = PBXBuildFile; fileRef = 26375CCB1B85376200AEA146 /* main.m */; };
		26375CF91B85378D00AEA146 /* Images.xcassets in Resources */ = {isa = PBXBuildFile; fileRef = 26375CF11B85378D00AEA146 /* Images.xcassets */; };
		26375D0C1B85379C00AEA146 /* NRDateField.m in Sources */ = {isa = PBXBuildFile; fileRef = 26375D051B85379C00AEA146 /* NRDateField.m */; };
		26375D0D1B85379C00AEA146 /* NRPickerField.m in Sources */ = {isa = PBXBuildFile; fileRef = 26375D071B85379C00AEA146 /* NRPickerField.m */; };
		26375D0F1B85379C00AEA146 /* UIColor+Helper.m in Sources */ = {isa = PBXBuildFile; fileRef = 26375D0B1B85379C00AEA146 /* UIColor+Helper.m */; };
		26375D121B8537AC00AEA146 /* LaunchScreen.xib in Resources */ = {isa = PBXBuildFile; fileRef = 26375D101B8537AC00AEA146 /* LaunchScreen.xib */; };
		26375D161B8537CD00AEA146 /* AppDelegate.m in Sources */ = {isa = PBXBuildFile; fileRef = 26375D151B8537CD00AEA146 /* AppDelegate.m */; };
		264EF9981B8B417B0095B861 /* LoginViewController.m in Sources */ = {isa = PBXBuildFile; fileRef = 264EF9971B8B417B0095B861 /* LoginViewController.m */; };
		264EFA011B8B4E4A0095B861 /* MBProgressHUD+MyAdditions.m in Sources */ = {isa = PBXBuildFile; fileRef = 264EF9E41B8B4E4A0095B861 /* MBProgressHUD+MyAdditions.m */; };
		264EFA021B8B4E4A0095B861 /* UIView+MyMBProgressHUD_Additions.m in Sources */ = {isa = PBXBuildFile; fileRef = 264EF9E61B8B4E4A0095B861 /* UIView+MyMBProgressHUD_Additions.m */; };
		264EFA401B8B518A0095B861 /* UIActionSheet+Blocks.m in Sources */ = {isa = PBXBuildFile; fileRef = 264EFA3C1B8B518A0095B861 /* UIActionSheet+Blocks.m */; };
		264EFA451B8B52050095B861 /* UIAlertView+Blocks.m in Sources */ = {isa = PBXBuildFile; fileRef = 264EFA441B8B52050095B861 /* UIAlertView+Blocks.m */; };
		26A419351B89EA4600F3A0DA /* Login.storyboard in Resources */ = {isa = PBXBuildFile; fileRef = 26A419341B89EA4600F3A0DA /* Login.storyboard */; };
		AD2623392DBB36494B70AA72 /* libPods.a in Frameworks */ = {isa = PBXBuildFile; fileRef = 0D6195B1F7616986C510F803 /* libPods.a */; };
		C741FE2F9FEF25AF1F9489BF /* libPods.a in Frameworks */ = {isa = PBXBuildFile; fileRef = 0D6195B1F7616986C510F803 /* libPods.a */; };
/* End PBXBuildFile section */

/* Begin PBXContainerItemProxy section */
		26375CE01B85376200AEA146 /* PBXContainerItemProxy */ = {
			isa = PBXContainerItemProxy;
			containerPortal = 26375CBE1B85376200AEA146 /* Project object */;
			proxyType = 1;
			remoteGlobalIDString = 26375CC51B85376200AEA146;
			remoteInfo = Bangarang;
		};
/* End PBXContainerItemProxy section */

/* Begin PBXFileReference section */
		0D6195B1F7616986C510F803 /* libPods.a */ = {isa = PBXFileReference; explicitFileType = archive.ar; includeInIndex = 0; path = libPods.a; sourceTree = BUILT_PRODUCTS_DIR; };
		120B089D1BAF44D500AC7D27 /* FacebookUtils.h */ = {isa = PBXFileReference; fileEncoding = 4; lastKnownFileType = sourcecode.c.h; name = FacebookUtils.h; path = Utils/FacebookUtils.h; sourceTree = "<group>"; };
		120B089E1BAF44D500AC7D27 /* FacebookUtils.m */ = {isa = PBXFileReference; fileEncoding = 4; lastKnownFileType = sourcecode.c.objc; name = FacebookUtils.m; path = Utils/FacebookUtils.m; sourceTree = "<group>"; };
		120FBC161BA7AC6C00AC3D01 /* Wolf in the City.otf */ = {isa = PBXFileReference; lastKnownFileType = file; path = "Wolf in the City.otf"; sourceTree = "<group>"; };
		120FBC181BA7AC9B00AC3D01 /* Waiting.xib */ = {isa = PBXFileReference; fileEncoding = 4; lastKnownFileType = file.xib; path = Waiting.xib; sourceTree = "<group>"; };
		120FBC1A1BA7AEE900AC3D01 /* Market Deco.ttf */ = {isa = PBXFileReference; lastKnownFileType = file; path = "Market Deco.ttf"; sourceTree = "<group>"; };
		120FBC1D1BA7B3D100AC3D01 /* LoadingViewController.h */ = {isa = PBXFileReference; fileEncoding = 4; lastKnownFileType = sourcecode.c.h; path = LoadingViewController.h; sourceTree = "<group>"; };
		120FBC1E1BA7B3D100AC3D01 /* LoadingViewController.m */ = {isa = PBXFileReference; fileEncoding = 4; lastKnownFileType = sourcecode.c.objc; path = LoadingViewController.m; sourceTree = "<group>"; };
		129810851B9E2FB50028E165 /* LoadingScreen.xib */ = {isa = PBXFileReference; fileEncoding = 4; lastKnownFileType = file.xib; path = LoadingScreen.xib; sourceTree = "<group>"; };
		129CDEB41B947B1100D94230 /* AOLinkedStoryboardSegue.h */ = {isa = PBXFileReference; fileEncoding = 4; lastKnownFileType = sourcecode.c.h; name = AOLinkedStoryboardSegue.h; path = Utils/AOLinkedStoryboardSegue.h; sourceTree = "<group>"; };
		129CDEB51B947B1100D94230 /* AOLinkedStoryboardSegue.m */ = {isa = PBXFileReference; fileEncoding = 4; lastKnownFileType = sourcecode.c.objc; name = AOLinkedStoryboardSegue.m; path = Utils/AOLinkedStoryboardSegue.m; sourceTree = "<group>"; };
		12A61C721BA9C47B00A6C228 /* MakeLoveAgainViewController.h */ = {isa = PBXFileReference; fileEncoding = 4; lastKnownFileType = sourcecode.c.h; path = MakeLoveAgainViewController.h; sourceTree = "<group>"; };
		12A61C731BA9C47B00A6C228 /* MakeLoveAgainViewController.m */ = {isa = PBXFileReference; fileEncoding = 4; lastKnownFileType = sourcecode.c.objc; path = MakeLoveAgainViewController.m; sourceTree = "<group>"; };
		12A61C791BAA144E00A6C228 /* RequestsViewController.h */ = {isa = PBXFileReference; fileEncoding = 4; lastKnownFileType = sourcecode.c.h; path = RequestsViewController.h; sourceTree = "<group>"; };
		12A61C7A1BAA144E00A6C228 /* RequestsViewController.m */ = {isa = PBXFileReference; fileEncoding = 4; lastKnownFileType = sourcecode.c.objc; path = RequestsViewController.m; sourceTree = "<group>"; };
		12A67BEC1B8FE53200122FD4 /* FriendsListViewController.h */ = {isa = PBXFileReference; fileEncoding = 4; lastKnownFileType = sourcecode.c.h; path = FriendsListViewController.h; sourceTree = "<group>"; };
		12B0B95C1BA26BDD00AC9DAD /* UIView+LoadingScreen.h */ = {isa = PBXFileReference; fileEncoding = 4; lastKnownFileType = sourcecode.c.h; name = "UIView+LoadingScreen.h"; path = "Categories/UIView+LoadingScreen.h"; sourceTree = "<group>"; };
		12B0B95D1BA26BDD00AC9DAD /* UIView+LoadingScreen.m */ = {isa = PBXFileReference; fileEncoding = 4; lastKnownFileType = sourcecode.c.objc; name = "UIView+LoadingScreen.m"; path = "Categories/UIView+LoadingScreen.m"; sourceTree = "<group>"; };
		12B0B95F1BA26CC700AC9DAD /* ParseUtils.h */ = {isa = PBXFileReference; fileEncoding = 4; lastKnownFileType = sourcecode.c.h; name = ParseUtils.h; path = Utils/ParseUtils.h; sourceTree = "<group>"; };
		12B0B9601BA26CC700AC9DAD /* ParseUtils.m */ = {isa = PBXFileReference; fileEncoding = 4; lastKnownFileType = sourcecode.c.objc; name = ParseUtils.m; path = Utils/ParseUtils.m; sourceTree = "<group>"; };
		12B0B9621BA661E300AC9DAD /* FriendsListViewController.m */ = {isa = PBXFileReference; fileEncoding = 4; lastKnownFileType = sourcecode.c.objc; path = FriendsListViewController.m; sourceTree = "<group>"; };
		12B0B9641BA702A500AC9DAD /* RequestManager.h */ = {isa = PBXFileReference; fileEncoding = 4; lastKnownFileType = sourcecode.c.h; name = RequestManager.h; path = Utils/RequestManager.h; sourceTree = "<group>"; };
		12B0B9651BA702A500AC9DAD /* RequestManager.m */ = {isa = PBXFileReference; fileEncoding = 4; lastKnownFileType = sourcecode.c.objc; name = RequestManager.m; path = Utils/RequestManager.m; sourceTree = "<group>"; };
		12BB5FE81B9E794200333726 /* ChatViewController.h */ = {isa = PBXFileReference; fileEncoding = 4; lastKnownFileType = sourcecode.c.h; path = ChatViewController.h; sourceTree = "<group>"; };
		12BB5FE91B9E794200333726 /* ChatViewController.m */ = {isa = PBXFileReference; fileEncoding = 4; lastKnownFileType = sourcecode.c.objc; path = ChatViewController.m; sourceTree = "<group>"; };
		12BB5FEB1B9E7ABB00333726 /* ChatManager.h */ = {isa = PBXFileReference; fileEncoding = 4; lastKnownFileType = sourcecode.c.h; name = ChatManager.h; path = Utils/ChatManager.h; sourceTree = "<group>"; };
		12BB5FEC1B9E7ABB00333726 /* ChatManager.m */ = {isa = PBXFileReference; fileEncoding = 4; lastKnownFileType = sourcecode.c.objc; name = ChatManager.m; path = Utils/ChatManager.m; sourceTree = "<group>"; };
		12BB5FEE1B9E7AEE00333726 /* Constants.h */ = {isa = PBXFileReference; fileEncoding = 4; lastKnownFileType = sourcecode.c.h; path = Constants.h; sourceTree = "<group>"; };
		12BB5FEF1B9E7AEE00333726 /* Constants.m */ = {isa = PBXFileReference; fileEncoding = 4; lastKnownFileType = sourcecode.c.objc; path = Constants.m; sourceTree = "<group>"; };
		12BB5FF11B9E7B3C00333726 /* Message.h */ = {isa = PBXFileReference; fileEncoding = 4; lastKnownFileType = sourcecode.c.h; path = Message.h; sourceTree = "<group>"; };
		12BB5FF21B9E7B3C00333726 /* Message.m */ = {isa = PBXFileReference; fileEncoding = 4; lastKnownFileType = sourcecode.c.objc; path = Message.m; sourceTree = "<group>"; };
		12C043911BABBB5B00D842B0 /* RequestFriendTableViewCell.h */ = {isa = PBXFileReference; fileEncoding = 4; lastKnownFileType = sourcecode.c.h; path = RequestFriendTableViewCell.h; sourceTree = "<group>"; };
		12C043921BABBB5B00D842B0 /* RequestFriendTableViewCell.m */ = {isa = PBXFileReference; fileEncoding = 4; lastKnownFileType = sourcecode.c.objc; path = RequestFriendTableViewCell.m; sourceTree = "<group>"; };
		12D9576E1B8A4220002D6A7A /* Booms.storyboard */ = {isa = PBXFileReference; fileEncoding = 4; lastKnownFileType = file.storyboard; path = Booms.storyboard; sourceTree = "<group>"; };
		12E5FED11B921EEA0096AABE /* FriendTableViewCell.h */ = {isa = PBXFileReference; fileEncoding = 4; lastKnownFileType = sourcecode.c.h; path = FriendTableViewCell.h; sourceTree = "<group>"; };
		12E5FED21B921EEA0096AABE /* FriendTableViewCell.m */ = {isa = PBXFileReference; fileEncoding = 4; lastKnownFileType = sourcecode.c.objc; path = FriendTableViewCell.m; sourceTree = "<group>"; };
		12E5FED41B93BD0D0096AABE /* GenderTableViewCell.h */ = {isa = PBXFileReference; fileEncoding = 4; lastKnownFileType = sourcecode.c.h; path = GenderTableViewCell.h; sourceTree = "<group>"; };
		12E5FED51B93BD0D0096AABE /* GenderTableViewCell.m */ = {isa = PBXFileReference; fileEncoding = 4; lastKnownFileType = sourcecode.c.objc; path = GenderTableViewCell.m; sourceTree = "<group>"; };
		12ED71CA1BA8DD1F0069A6E8 /* WaitingViewController.h */ = {isa = PBXFileReference; fileEncoding = 4; lastKnownFileType = sourcecode.c.h; path = WaitingViewController.h; sourceTree = "<group>"; };
		12ED71CB1BA8DD1F0069A6E8 /* WaitingViewController.m */ = {isa = PBXFileReference; fileEncoding = 4; lastKnownFileType = sourcecode.c.objc; path = WaitingViewController.m; sourceTree = "<group>"; };
		12ED71CD1BA8DE7E0069A6E8 /* UIView+WaitingScreen.h */ = {isa = PBXFileReference; fileEncoding = 4; lastKnownFileType = sourcecode.c.h; name = "UIView+WaitingScreen.h"; path = "Categories/UIView+WaitingScreen.h"; sourceTree = "<group>"; };
		12ED71CE1BA8DE7E0069A6E8 /* UIView+WaitingScreen.m */ = {isa = PBXFileReference; fileEncoding = 4; lastKnownFileType = sourcecode.c.objc; name = "UIView+WaitingScreen.m"; path = "Categories/UIView+WaitingScreen.m"; sourceTree = "<group>"; };
		12ED71D31BA920250069A6E8 /* FriendsManager.h */ = {isa = PBXFileReference; fileEncoding = 4; lastKnownFileType = sourcecode.c.h; name = FriendsManager.h; path = Utils/FriendsManager.h; sourceTree = "<group>"; };
		12ED71D41BA920250069A6E8 /* FriendsManager.m */ = {isa = PBXFileReference; fileEncoding = 4; lastKnownFileType = sourcecode.c.objc; name = FriendsManager.m; path = Utils/FriendsManager.m; sourceTree = "<group>"; };
		12F2232D1BACA44300CF3A87 /* FriendsManagerTests.m */ = {isa = PBXFileReference; fileEncoding = 4; lastKnownFileType = sourcecode.c.objc; path = FriendsManagerTests.m; sourceTree = "<group>"; };
		26375CC61B85376200AEA146 /* Bangarang.app */ = {isa = PBXFileReference; explicitFileType = wrapper.application; includeInIndex = 0; path = Bangarang.app; sourceTree = BUILT_PRODUCTS_DIR; };
		26375CCA1B85376200AEA146 /* Info.plist */ = {isa = PBXFileReference; lastKnownFileType = text.plist.xml; path = Info.plist; sourceTree = "<group>"; };
		26375CCB1B85376200AEA146 /* main.m */ = {isa = PBXFileReference; lastKnownFileType = sourcecode.c.objc; path = main.m; sourceTree = "<group>"; };
		26375CDF1B85376200AEA146 /* BangarangTests.xctest */ = {isa = PBXFileReference; explicitFileType = wrapper.cfbundle; includeInIndex = 0; path = BangarangTests.xctest; sourceTree = BUILT_PRODUCTS_DIR; };
		26375CE41B85376200AEA146 /* Info.plist */ = {isa = PBXFileReference; lastKnownFileType = text.plist.xml; path = Info.plist; sourceTree = "<group>"; };
		26375CF11B85378D00AEA146 /* Images.xcassets */ = {isa = PBXFileReference; lastKnownFileType = folder.assetcatalog; path = Images.xcassets; sourceTree = "<group>"; };
		26375D011B85379600AEA146 /* Bangarang-PrefixHeader.pch */ = {isa = PBXFileReference; fileEncoding = 4; lastKnownFileType = sourcecode.c.h; path = "Bangarang-PrefixHeader.pch"; sourceTree = "<group>"; };
		26375D041B85379C00AEA146 /* NRDateField.h */ = {isa = PBXFileReference; fileEncoding = 4; lastKnownFileType = sourcecode.c.h; path = NRDateField.h; sourceTree = "<group>"; };
		26375D051B85379C00AEA146 /* NRDateField.m */ = {isa = PBXFileReference; fileEncoding = 4; lastKnownFileType = sourcecode.c.objc; path = NRDateField.m; sourceTree = "<group>"; };
		26375D061B85379C00AEA146 /* NRPickerField.h */ = {isa = PBXFileReference; fileEncoding = 4; lastKnownFileType = sourcecode.c.h; path = NRPickerField.h; sourceTree = "<group>"; };
		26375D071B85379C00AEA146 /* NRPickerField.m */ = {isa = PBXFileReference; fileEncoding = 4; lastKnownFileType = sourcecode.c.objc; path = NRPickerField.m; sourceTree = "<group>"; };
		26375D0A1B85379C00AEA146 /* UIColor+Helper.h */ = {isa = PBXFileReference; fileEncoding = 4; lastKnownFileType = sourcecode.c.h; path = "UIColor+Helper.h"; sourceTree = "<group>"; };
		26375D0B1B85379C00AEA146 /* UIColor+Helper.m */ = {isa = PBXFileReference; fileEncoding = 4; lastKnownFileType = sourcecode.c.objc; path = "UIColor+Helper.m"; sourceTree = "<group>"; };
		26375D101B8537AC00AEA146 /* LaunchScreen.xib */ = {isa = PBXFileReference; fileEncoding = 4; lastKnownFileType = file.xib; path = LaunchScreen.xib; sourceTree = "<group>"; };
		26375D141B8537CD00AEA146 /* AppDelegate.h */ = {isa = PBXFileReference; fileEncoding = 4; lastKnownFileType = sourcecode.c.h; path = AppDelegate.h; sourceTree = "<group>"; };
		26375D151B8537CD00AEA146 /* AppDelegate.m */ = {isa = PBXFileReference; fileEncoding = 4; lastKnownFileType = sourcecode.c.objc; path = AppDelegate.m; sourceTree = "<group>"; };
		26375D171B85380700AEA146 /* Bangarang-Bridging-Header.h */ = {isa = PBXFileReference; lastKnownFileType = sourcecode.c.h; path = "Bangarang-Bridging-Header.h"; sourceTree = "<group>"; };
		264EF9961B8B417B0095B861 /* LoginViewController.h */ = {isa = PBXFileReference; fileEncoding = 4; lastKnownFileType = sourcecode.c.h; path = LoginViewController.h; sourceTree = "<group>"; };
		264EF9971B8B417B0095B861 /* LoginViewController.m */ = {isa = PBXFileReference; fileEncoding = 4; lastKnownFileType = sourcecode.c.objc; path = LoginViewController.m; sourceTree = "<group>"; };
		264EF99E1B8B4E4A0095B861 /* MyiOSLogicBlocks.h */ = {isa = PBXFileReference; fileEncoding = 4; lastKnownFileType = sourcecode.c.h; path = MyiOSLogicBlocks.h; sourceTree = "<group>"; };
		264EF9E31B8B4E4A0095B861 /* MBProgressHUD+MyAdditions.h */ = {isa = PBXFileReference; fileEncoding = 4; lastKnownFileType = sourcecode.c.h; path = "MBProgressHUD+MyAdditions.h"; sourceTree = "<group>"; };
		264EF9E41B8B4E4A0095B861 /* MBProgressHUD+MyAdditions.m */ = {isa = PBXFileReference; fileEncoding = 4; lastKnownFileType = sourcecode.c.objc; path = "MBProgressHUD+MyAdditions.m"; sourceTree = "<group>"; };
		264EF9E51B8B4E4A0095B861 /* UIView+MyMBProgressHUD_Additions.h */ = {isa = PBXFileReference; fileEncoding = 4; lastKnownFileType = sourcecode.c.h; path = "UIView+MyMBProgressHUD_Additions.h"; sourceTree = "<group>"; };
		264EF9E61B8B4E4A0095B861 /* UIView+MyMBProgressHUD_Additions.m */ = {isa = PBXFileReference; fileEncoding = 4; lastKnownFileType = sourcecode.c.objc; path = "UIView+MyMBProgressHUD_Additions.m"; sourceTree = "<group>"; };
		264EF9E71B8B4E4A0095B861 /* MyiOSThirdPartyViewHelpers.h */ = {isa = PBXFileReference; fileEncoding = 4; lastKnownFileType = sourcecode.c.h; path = MyiOSThirdPartyViewHelpers.h; sourceTree = "<group>"; };
		264EFA351B8B512F0095B861 /* RWTUIImageExtras.h */ = {isa = PBXFileReference; fileEncoding = 4; lastKnownFileType = sourcecode.c.h; path = RWTUIImageExtras.h; sourceTree = "<group>"; };
		264EFA361B8B512F0095B861 /* RWTUIImageExtras.m */ = {isa = PBXFileReference; fileEncoding = 4; lastKnownFileType = sourcecode.c.objc; path = RWTUIImageExtras.m; sourceTree = "<group>"; };
		264EFA3B1B8B518A0095B861 /* UIActionSheet+Blocks.h */ = {isa = PBXFileReference; fileEncoding = 4; lastKnownFileType = sourcecode.c.h; path = "UIActionSheet+Blocks.h"; sourceTree = "<group>"; };
		264EFA3C1B8B518A0095B861 /* UIActionSheet+Blocks.m */ = {isa = PBXFileReference; fileEncoding = 4; lastKnownFileType = sourcecode.c.objc; path = "UIActionSheet+Blocks.m"; sourceTree = "<group>"; };
		264EFA431B8B52050095B861 /* UIAlertView+Blocks.h */ = {isa = PBXFileReference; fileEncoding = 4; lastKnownFileType = sourcecode.c.h; path = "UIAlertView+Blocks.h"; sourceTree = "<group>"; };
		264EFA441B8B52050095B861 /* UIAlertView+Blocks.m */ = {isa = PBXFileReference; fileEncoding = 4; lastKnownFileType = sourcecode.c.objc; path = "UIAlertView+Blocks.m"; sourceTree = "<group>"; };
		26A419341B89EA4600F3A0DA /* Login.storyboard */ = {isa = PBXFileReference; fileEncoding = 4; lastKnownFileType = file.storyboard; path = Login.storyboard; sourceTree = "<group>"; };
		631848CD498E94CA4F5D1274 /* Pods.release.xcconfig */ = {isa = PBXFileReference; includeInIndex = 1; lastKnownFileType = text.xcconfig; name = Pods.release.xcconfig; path = "Pods/Target Support Files/Pods/Pods.release.xcconfig"; sourceTree = "<group>"; };
		89FBB097B59F6A1F138A5736 /* Pods.debug.xcconfig */ = {isa = PBXFileReference; includeInIndex = 1; lastKnownFileType = text.xcconfig; name = Pods.debug.xcconfig; path = "Pods/Target Support Files/Pods/Pods.debug.xcconfig"; sourceTree = "<group>"; };
/* End PBXFileReference section */

/* Begin PBXFrameworksBuildPhase section */
		26375CC31B85376200AEA146 /* Frameworks */ = {
			isa = PBXFrameworksBuildPhase;
			buildActionMask = 2147483647;
			files = (
				C741FE2F9FEF25AF1F9489BF /* libPods.a in Frameworks */,
			);
			runOnlyForDeploymentPostprocessing = 0;
		};
		26375CDC1B85376200AEA146 /* Frameworks */ = {
			isa = PBXFrameworksBuildPhase;
			buildActionMask = 2147483647;
			files = (
				AD2623392DBB36494B70AA72 /* libPods.a in Frameworks */,
			);
			runOnlyForDeploymentPostprocessing = 0;
		};
/* End PBXFrameworksBuildPhase section */

/* Begin PBXGroup section */
		120FBC141BA7ABD600AC3D01 /* Fonts */ = {
			isa = PBXGroup;
			children = (
				120FBC1A1BA7AEE900AC3D01 /* Market Deco.ttf */,
				120FBC161BA7AC6C00AC3D01 /* Wolf in the City.otf */,
			);
			name = Fonts;
			sourceTree = "<group>";
		};
		120FBC1C1BA7B3AB00AC3D01 /* Loading */ = {
			isa = PBXGroup;
			children = (
				120FBC1D1BA7B3D100AC3D01 /* LoadingViewController.h */,
				120FBC1E1BA7B3D100AC3D01 /* LoadingViewController.m */,
			);
			name = Loading;
			sourceTree = "<group>";
		};
		120FBC201BA7B3FF00AC3D01 /* Waiting */ = {
			isa = PBXGroup;
			children = (
				12ED71CA1BA8DD1F0069A6E8 /* WaitingViewController.h */,
				12ED71CB1BA8DD1F0069A6E8 /* WaitingViewController.m */,
			);
			name = Waiting;
			sourceTree = "<group>";
		};
		129810811B9E231D0028E165 /* Login */ = {
			isa = PBXGroup;
			children = (
				264EF9961B8B417B0095B861 /* LoginViewController.h */,
				264EF9971B8B417B0095B861 /* LoginViewController.m */,
			);
			name = Login;
			sourceTree = "<group>";
		};
		129810821B9E23230028E165 /* Friends List */ = {
			isa = PBXGroup;
			children = (
				12A67BEC1B8FE53200122FD4 /* FriendsListViewController.h */,
				12B0B9621BA661E300AC9DAD /* FriendsListViewController.m */,
				12E5FED11B921EEA0096AABE /* FriendTableViewCell.h */,
				12E5FED21B921EEA0096AABE /* FriendTableViewCell.m */,
				12E5FED41B93BD0D0096AABE /* GenderTableViewCell.h */,
				12E5FED51B93BD0D0096AABE /* GenderTableViewCell.m */,
			);
			name = "Friends List";
			sourceTree = "<group>";
		};
		12A61C711BA9C45C00A6C228 /* Make Love Again */ = {
			isa = PBXGroup;
			children = (
				12A61C721BA9C47B00A6C228 /* MakeLoveAgainViewController.h */,
				12A61C731BA9C47B00A6C228 /* MakeLoveAgainViewController.m */,
			);
			name = "Make Love Again";
			sourceTree = "<group>";
		};
		12A61C781BAA143B00A6C228 /* Requests */ = {
			isa = PBXGroup;
			children = (
				12A61C791BAA144E00A6C228 /* RequestsViewController.h */,
				12A61C7A1BAA144E00A6C228 /* RequestsViewController.m */,
				12C043911BABBB5B00D842B0 /* RequestFriendTableViewCell.h */,
				12C043921BABBB5B00D842B0 /* RequestFriendTableViewCell.m */,
			);
			name = Requests;
			sourceTree = "<group>";
		};
		12B0B95B1BA266D700AC9DAD /* Categories */ = {
			isa = PBXGroup;
			children = (
				12B0B95C1BA26BDD00AC9DAD /* UIView+LoadingScreen.h */,
				12B0B95D1BA26BDD00AC9DAD /* UIView+LoadingScreen.m */,
				12ED71CD1BA8DE7E0069A6E8 /* UIView+WaitingScreen.h */,
				12ED71CE1BA8DE7E0069A6E8 /* UIView+WaitingScreen.m */,
			);
			name = Categories;
			sourceTree = "<group>";
		};
		12BB5FE71B9E790800333726 /* Chat */ = {
			isa = PBXGroup;
			children = (
				12BB5FE81B9E794200333726 /* ChatViewController.h */,
				12BB5FE91B9E794200333726 /* ChatViewController.m */,
			);
			name = Chat;
			sourceTree = "<group>";
		};
		12D957701B8A45A3002D6A7A /* Utils */ = {
			isa = PBXGroup;
			children = (
				129CDEB41B947B1100D94230 /* AOLinkedStoryboardSegue.h */,
				129CDEB51B947B1100D94230 /* AOLinkedStoryboardSegue.m */,
				12BB5FEB1B9E7ABB00333726 /* ChatManager.h */,
				12BB5FEC1B9E7ABB00333726 /* ChatManager.m */,
				12ED71D31BA920250069A6E8 /* FriendsManager.h */,
				12ED71D41BA920250069A6E8 /* FriendsManager.m */,
				12B0B95F1BA26CC700AC9DAD /* ParseUtils.h */,
				12B0B9601BA26CC700AC9DAD /* ParseUtils.m */,
				12B0B9641BA702A500AC9DAD /* RequestManager.h */,
				12B0B9651BA702A500AC9DAD /* RequestManager.m */,
				120B089D1BAF44D500AC7D27 /* FacebookUtils.h */,
				120B089E1BAF44D500AC7D27 /* FacebookUtils.m */,
			);
			name = Utils;
			sourceTree = "<group>";
		};
		26375CBD1B85376200AEA146 = {
			isa = PBXGroup;
			children = (
				26375CC81B85376200AEA146 /* Bangarang */,
				26375CE21B85376200AEA146 /* BangarangTests */,
				26375CC71B85376200AEA146 /* Products */,
				391A7C438953F53438B820E7 /* Pods */,
				5A80AFE2204A2D56E019E50E /* Frameworks */,
			);
			sourceTree = "<group>";
		};
		26375CC71B85376200AEA146 /* Products */ = {
			isa = PBXGroup;
			children = (
				26375CC61B85376200AEA146 /* Bangarang.app */,
				26375CDF1B85376200AEA146 /* BangarangTests.xctest */,
			);
			name = Products;
			sourceTree = "<group>";
		};
		26375CC81B85376200AEA146 /* Bangarang */ = {
			isa = PBXGroup;
			children = (
				26375CEF1B85378D00AEA146 /* App */,
				26375CFD1B85379600AEA146 /* Config */,
				26375D031B85379C00AEA146 /* Libs */,
				264EF99B1B8B4E4A0095B861 /* Vendor */,
				26375CC91B85376200AEA146 /* Supporting Files */,
			);
			path = Bangarang;
			sourceTree = "<group>";
		};
		26375CC91B85376200AEA146 /* Supporting Files */ = {
			isa = PBXGroup;
			children = (
				26375CCA1B85376200AEA146 /* Info.plist */,
				26375CCB1B85376200AEA146 /* main.m */,
			);
			name = "Supporting Files";
			sourceTree = "<group>";
		};
		26375CE21B85376200AEA146 /* BangarangTests */ = {
			isa = PBXGroup;
			children = (
				12F2232D1BACA44300CF3A87 /* FriendsManagerTests.m */,
				26375CE31B85376200AEA146 /* Supporting Files */,
			);
			path = BangarangTests;
			sourceTree = "<group>";
		};
		26375CE31B85376200AEA146 /* Supporting Files */ = {
			isa = PBXGroup;
			children = (
				26375CE41B85376200AEA146 /* Info.plist */,
			);
			name = "Supporting Files";
			sourceTree = "<group>";
		};
		26375CEF1B85378D00AEA146 /* App */ = {
			isa = PBXGroup;
			children = (
				26375CF01B85378D00AEA146 /* Assets */,
				12B0B95B1BA266D700AC9DAD /* Categories */,
				26375CF21B85378D00AEA146 /* Controllers */,
				26375CF51B85378D00AEA146 /* Models */,
				26375CF61B85378D00AEA146 /* Views */,
				12D957701B8A45A3002D6A7A /* Utils */,
			);
			path = App;
			sourceTree = "<group>";
		};
		26375CF01B85378D00AEA146 /* Assets */ = {
			isa = PBXGroup;
			children = (
				120FBC141BA7ABD600AC3D01 /* Fonts */,
				26375CF11B85378D00AEA146 /* Images.xcassets */,
			);
			path = Assets;
			sourceTree = "<group>";
		};
		26375CF21B85378D00AEA146 /* Controllers */ = {
			isa = PBXGroup;
			children = (
				12BB5FE71B9E790800333726 /* Chat */,
				129810821B9E23230028E165 /* Friends List */,
				120FBC1C1BA7B3AB00AC3D01 /* Loading */,
				129810811B9E231D0028E165 /* Login */,
				12A61C711BA9C45C00A6C228 /* Make Love Again */,
				12A61C781BAA143B00A6C228 /* Requests */,
				120FBC201BA7B3FF00AC3D01 /* Waiting */,
			);
			path = Controllers;
			sourceTree = "<group>";
		};
		26375CF51B85378D00AEA146 /* Models */ = {
			isa = PBXGroup;
			children = (
				12BB5FF11B9E7B3C00333726 /* Message.h */,
				12BB5FF21B9E7B3C00333726 /* Message.m */,
			);
			path = Models;
			sourceTree = "<group>";
		};
		26375CF61B85378D00AEA146 /* Views */ = {
			isa = PBXGroup;
			children = (
				12D9576E1B8A4220002D6A7A /* Booms.storyboard */,
				26375D101B8537AC00AEA146 /* LaunchScreen.xib */,
				129810851B9E2FB50028E165 /* LoadingScreen.xib */,
				26A419341B89EA4600F3A0DA /* Login.storyboard */,
				120FBC181BA7AC9B00AC3D01 /* Waiting.xib */,
			);
			path = Views;
			sourceTree = "<group>";
		};
		26375CFD1B85379600AEA146 /* Config */ = {
			isa = PBXGroup;
			children = (
				26375D141B8537CD00AEA146 /* AppDelegate.h */,
				26375D151B8537CD00AEA146 /* AppDelegate.m */,
				26375D171B85380700AEA146 /* Bangarang-Bridging-Header.h */,
				26375D011B85379600AEA146 /* Bangarang-PrefixHeader.pch */,
				12BB5FEE1B9E7AEE00333726 /* Constants.h */,
				12BB5FEF1B9E7AEE00333726 /* Constants.m */,
			);
			path = Config;
			sourceTree = "<group>";
		};
		26375D031B85379C00AEA146 /* Libs */ = {
			isa = PBXGroup;
			children = (
				26375D041B85379C00AEA146 /* NRDateField.h */,
				26375D051B85379C00AEA146 /* NRDateField.m */,
				26375D061B85379C00AEA146 /* NRPickerField.h */,
				26375D071B85379C00AEA146 /* NRPickerField.m */,
				26375D0A1B85379C00AEA146 /* UIColor+Helper.h */,
				26375D0B1B85379C00AEA146 /* UIColor+Helper.m */,
			);
			path = Libs;
			sourceTree = "<group>";
		};
		264EF99B1B8B4E4A0095B861 /* Vendor */ = {
			isa = PBXGroup;
			children = (
				264EF99C1B8B4E4A0095B861 /* MyiOSHelpers */,
				264EF99F1B8B4E4A0095B861 /* MyiOSViewHelpers */,
				264EFA351B8B512F0095B861 /* RWTUIImageExtras.h */,
				264EFA361B8B512F0095B861 /* RWTUIImageExtras.m */,
				264EFA3A1B8B518A0095B861 /* UIActionSheet+Blocks */,
				264EFA421B8B52050095B861 /* UIAlertView+Blocks */,
			);
			path = Vendor;
			sourceTree = "<group>";
		};
		264EF99C1B8B4E4A0095B861 /* MyiOSHelpers */ = {
			isa = PBXGroup;
			children = (
				264EF99D1B8B4E4A0095B861 /* Blocks */,
			);
			path = MyiOSHelpers;
			sourceTree = "<group>";
		};
		264EF99D1B8B4E4A0095B861 /* Blocks */ = {
			isa = PBXGroup;
			children = (
				264EF99E1B8B4E4A0095B861 /* MyiOSLogicBlocks.h */,
			);
			path = Blocks;
			sourceTree = "<group>";
		};
		264EF99F1B8B4E4A0095B861 /* MyiOSViewHelpers */ = {
			isa = PBXGroup;
			children = (
				264EF9E11B8B4E4A0095B861 /* ThirdPartyHelpers */,
			);
			path = MyiOSViewHelpers;
			sourceTree = "<group>";
		};
		264EF9E11B8B4E4A0095B861 /* ThirdPartyHelpers */ = {
			isa = PBXGroup;
			children = (
				264EF9E21B8B4E4A0095B861 /* MBProgressHUD */,
				264EF9E71B8B4E4A0095B861 /* MyiOSThirdPartyViewHelpers.h */,
			);
			path = ThirdPartyHelpers;
			sourceTree = "<group>";
		};
		264EF9E21B8B4E4A0095B861 /* MBProgressHUD */ = {
			isa = PBXGroup;
			children = (
				264EF9E31B8B4E4A0095B861 /* MBProgressHUD+MyAdditions.h */,
				264EF9E41B8B4E4A0095B861 /* MBProgressHUD+MyAdditions.m */,
				264EF9E51B8B4E4A0095B861 /* UIView+MyMBProgressHUD_Additions.h */,
				264EF9E61B8B4E4A0095B861 /* UIView+MyMBProgressHUD_Additions.m */,
			);
			path = MBProgressHUD;
			sourceTree = "<group>";
		};
		264EFA3A1B8B518A0095B861 /* UIActionSheet+Blocks */ = {
			isa = PBXGroup;
			children = (
				264EFA3B1B8B518A0095B861 /* UIActionSheet+Blocks.h */,
				264EFA3C1B8B518A0095B861 /* UIActionSheet+Blocks.m */,
			);
			path = "UIActionSheet+Blocks";
			sourceTree = "<group>";
		};
		264EFA421B8B52050095B861 /* UIAlertView+Blocks */ = {
			isa = PBXGroup;
			children = (
				264EFA431B8B52050095B861 /* UIAlertView+Blocks.h */,
				264EFA441B8B52050095B861 /* UIAlertView+Blocks.m */,
			);
			path = "UIAlertView+Blocks";
			sourceTree = "<group>";
		};
		391A7C438953F53438B820E7 /* Pods */ = {
			isa = PBXGroup;
			children = (
				89FBB097B59F6A1F138A5736 /* Pods.debug.xcconfig */,
				631848CD498E94CA4F5D1274 /* Pods.release.xcconfig */,
			);
			name = Pods;
			sourceTree = "<group>";
		};
		5A80AFE2204A2D56E019E50E /* Frameworks */ = {
			isa = PBXGroup;
			children = (
				0D6195B1F7616986C510F803 /* libPods.a */,
			);
			name = Frameworks;
			sourceTree = "<group>";
		};
/* End PBXGroup section */

/* Begin PBXNativeTarget section */
		26375CC51B85376200AEA146 /* Bangarang */ = {
			isa = PBXNativeTarget;
			buildConfigurationList = 26375CE91B85376200AEA146 /* Build configuration list for PBXNativeTarget "Bangarang" */;
			buildPhases = (
				74FCFAB7FBE556431297941A /* Check Pods Manifest.lock */,
				26375CC21B85376200AEA146 /* Sources */,
				26375CC31B85376200AEA146 /* Frameworks */,
				26375CC41B85376200AEA146 /* Resources */,
				2D1A4A196582D0924C94EDA8 /* Copy Pods Resources */,
			);
			buildRules = (
			);
			dependencies = (
			);
			name = Bangarang;
			productName = Bangarang;
			productReference = 26375CC61B85376200AEA146 /* Bangarang.app */;
			productType = "com.apple.product-type.application";
		};
		26375CDE1B85376200AEA146 /* BangarangTests */ = {
			isa = PBXNativeTarget;
			buildConfigurationList = 26375CEC1B85376200AEA146 /* Build configuration list for PBXNativeTarget "BangarangTests" */;
			buildPhases = (
				F3A1A7910820F927ADE6DA44 /* Check Pods Manifest.lock */,
				26375CDB1B85376200AEA146 /* Sources */,
				26375CDC1B85376200AEA146 /* Frameworks */,
				26375CDD1B85376200AEA146 /* Resources */,
				AE155BD90CABD0E2CF8444F0 /* Copy Pods Resources */,
			);
			buildRules = (
			);
			dependencies = (
				26375CE11B85376200AEA146 /* PBXTargetDependency */,
			);
			name = BangarangTests;
			productName = BangarangTests;
			productReference = 26375CDF1B85376200AEA146 /* BangarangTests.xctest */;
			productType = "com.apple.product-type.bundle.unit-test";
		};
/* End PBXNativeTarget section */

/* Begin PBXProject section */
		26375CBE1B85376200AEA146 /* Project object */ = {
			isa = PBXProject;
			attributes = {
				LastUpgradeCheck = 0700;
				ORGANIZATIONNAME = Gennovacap;
				TargetAttributes = {
					26375CC51B85376200AEA146 = {
						CreatedOnToolsVersion = 6.4;
					};
					26375CDE1B85376200AEA146 = {
						CreatedOnToolsVersion = 6.4;
						TestTargetID = 26375CC51B85376200AEA146;
					};
				};
			};
			buildConfigurationList = 26375CC11B85376200AEA146 /* Build configuration list for PBXProject "Bangarang" */;
			compatibilityVersion = "Xcode 3.2";
			developmentRegion = English;
			hasScannedForEncodings = 0;
			knownRegions = (
				en,
				Base,
			);
			mainGroup = 26375CBD1B85376200AEA146;
			productRefGroup = 26375CC71B85376200AEA146 /* Products */;
			projectDirPath = "";
			projectRoot = "";
			targets = (
				26375CC51B85376200AEA146 /* Bangarang */,
				26375CDE1B85376200AEA146 /* BangarangTests */,
			);
		};
/* End PBXProject section */

/* Begin PBXResourcesBuildPhase section */
		26375CC41B85376200AEA146 /* Resources */ = {
			isa = PBXResourcesBuildPhase;
			buildActionMask = 2147483647;
			files = (
				12D9576F1B8A4220002D6A7A /* Booms.storyboard in Resources */,
				120FBC1B1BA7AEE900AC3D01 /* Market Deco.ttf in Resources */,
				26A419351B89EA4600F3A0DA /* Login.storyboard in Resources */,
				120FBC171BA7AC6C00AC3D01 /* Wolf in the City.otf in Resources */,
				26375D121B8537AC00AEA146 /* LaunchScreen.xib in Resources */,
				26375CF91B85378D00AEA146 /* Images.xcassets in Resources */,
				120FBC191BA7AC9B00AC3D01 /* Waiting.xib in Resources */,
				129810861B9E2FB50028E165 /* LoadingScreen.xib in Resources */,
			);
			runOnlyForDeploymentPostprocessing = 0;
		};
		26375CDD1B85376200AEA146 /* Resources */ = {
			isa = PBXResourcesBuildPhase;
			buildActionMask = 2147483647;
			files = (
			);
			runOnlyForDeploymentPostprocessing = 0;
		};
/* End PBXResourcesBuildPhase section */

/* Begin PBXShellScriptBuildPhase section */
		2D1A4A196582D0924C94EDA8 /* Copy Pods Resources */ = {
			isa = PBXShellScriptBuildPhase;
			buildActionMask = 2147483647;
			files = (
			);
			inputPaths = (
			);
			name = "Copy Pods Resources";
			outputPaths = (
			);
			runOnlyForDeploymentPostprocessing = 0;
			shellPath = /bin/sh;
			shellScript = "\"${SRCROOT}/Pods/Target Support Files/Pods/Pods-resources.sh\"\n";
			showEnvVarsInLog = 0;
		};
		74FCFAB7FBE556431297941A /* Check Pods Manifest.lock */ = {
			isa = PBXShellScriptBuildPhase;
			buildActionMask = 2147483647;
			files = (
			);
			inputPaths = (
			);
			name = "Check Pods Manifest.lock";
			outputPaths = (
			);
			runOnlyForDeploymentPostprocessing = 0;
			shellPath = /bin/sh;
			shellScript = "diff \"${PODS_ROOT}/../Podfile.lock\" \"${PODS_ROOT}/Manifest.lock\" > /dev/null\nif [[ $? != 0 ]] ; then\n    cat << EOM\nerror: The sandbox is not in sync with the Podfile.lock. Run 'pod install' or update your CocoaPods installation.\nEOM\n    exit 1\nfi\n";
			showEnvVarsInLog = 0;
		};
		AE155BD90CABD0E2CF8444F0 /* Copy Pods Resources */ = {
			isa = PBXShellScriptBuildPhase;
			buildActionMask = 2147483647;
			files = (
			);
			inputPaths = (
			);
			name = "Copy Pods Resources";
			outputPaths = (
			);
			runOnlyForDeploymentPostprocessing = 0;
			shellPath = /bin/sh;
			shellScript = "\"${SRCROOT}/Pods/Target Support Files/Pods/Pods-resources.sh\"\n";
			showEnvVarsInLog = 0;
		};
		F3A1A7910820F927ADE6DA44 /* Check Pods Manifest.lock */ = {
			isa = PBXShellScriptBuildPhase;
			buildActionMask = 2147483647;
			files = (
			);
			inputPaths = (
			);
			name = "Check Pods Manifest.lock";
			outputPaths = (
			);
			runOnlyForDeploymentPostprocessing = 0;
			shellPath = /bin/sh;
			shellScript = "diff \"${PODS_ROOT}/../Podfile.lock\" \"${PODS_ROOT}/Manifest.lock\" > /dev/null\nif [[ $? != 0 ]] ; then\n    cat << EOM\nerror: The sandbox is not in sync with the Podfile.lock. Run 'pod install' or update your CocoaPods installation.\nEOM\n    exit 1\nfi\n";
			showEnvVarsInLog = 0;
		};
/* End PBXShellScriptBuildPhase section */

/* Begin PBXSourcesBuildPhase section */
		26375CC21B85376200AEA146 /* Sources */ = {
			isa = PBXSourcesBuildPhase;
			buildActionMask = 2147483647;
			files = (
				129CDEB61B947B1100D94230 /* AOLinkedStoryboardSegue.m in Sources */,
				12ED71D51BA920250069A6E8 /* FriendsManager.m in Sources */,
				26375D0C1B85379C00AEA146 /* NRDateField.m in Sources */,
				12BB5FED1B9E7ABB00333726 /* ChatManager.m in Sources */,
				12BB5FEA1B9E794200333726 /* ChatViewController.m in Sources */,
				26375D161B8537CD00AEA146 /* AppDelegate.m in Sources */,
				12A61C741BA9C47B00A6C228 /* MakeLoveAgainViewController.m in Sources */,
				12BB5FF01B9E7AEE00333726 /* Constants.m in Sources */,
				26375D0F1B85379C00AEA146 /* UIColor+Helper.m in Sources */,
				12B0B9631BA661E300AC9DAD /* FriendsListViewController.m in Sources */,
				12E5FED61B93BD0D0096AABE /* GenderTableViewCell.m in Sources */,
				12BB5FF31B9E7B3C00333726 /* Message.m in Sources */,
				264EFA451B8B52050095B861 /* UIAlertView+Blocks.m in Sources */,
				12B0B9611BA26CC700AC9DAD /* ParseUtils.m in Sources */,
				12B0B95E1BA26BDD00AC9DAD /* UIView+LoadingScreen.m in Sources */,
				12ED71CF1BA8DE7E0069A6E8 /* UIView+WaitingScreen.m in Sources */,
				12B0B9661BA702A500AC9DAD /* RequestManager.m in Sources */,
				12A61C7B1BAA144E00A6C228 /* RequestsViewController.m in Sources */,
				12C043931BABBB5B00D842B0 /* RequestFriendTableViewCell.m in Sources */,
				120FBC1F1BA7B3D100AC3D01 /* LoadingViewController.m in Sources */,
				264EFA011B8B4E4A0095B861 /* MBProgressHUD+MyAdditions.m in Sources */,
				264EF9981B8B417B0095B861 /* LoginViewController.m in Sources */,
				264EFA401B8B518A0095B861 /* UIActionSheet+Blocks.m in Sources */,
				26375D0D1B85379C00AEA146 /* NRPickerField.m in Sources */,
				12ED71CC1BA8DD1F0069A6E8 /* WaitingViewController.m in Sources */,
				264EFA021B8B4E4A0095B861 /* UIView+MyMBProgressHUD_Additions.m in Sources */,
				12E5FED31B921EEA0096AABE /* FriendTableViewCell.m in Sources */,
				26375CCC1B85376200AEA146 /* main.m in Sources */,
				120B089F1BAF44D500AC7D27 /* FacebookUtils.m in Sources */,
			);
			runOnlyForDeploymentPostprocessing = 0;
		};
		26375CDB1B85376200AEA146 /* Sources */ = {
			isa = PBXSourcesBuildPhase;
			buildActionMask = 2147483647;
			files = (
				12F2232E1BACA44300CF3A87 /* FriendsManagerTests.m in Sources */,
			);
			runOnlyForDeploymentPostprocessing = 0;
		};
/* End PBXSourcesBuildPhase section */

/* Begin PBXTargetDependency section */
		26375CE11B85376200AEA146 /* PBXTargetDependency */ = {
			isa = PBXTargetDependency;
			target = 26375CC51B85376200AEA146 /* Bangarang */;
			targetProxy = 26375CE01B85376200AEA146 /* PBXContainerItemProxy */;
		};
/* End PBXTargetDependency section */

/* Begin XCBuildConfiguration section */
		26375CE71B85376200AEA146 /* Debug */ = {
			isa = XCBuildConfiguration;
			buildSettings = {
				ALWAYS_SEARCH_USER_PATHS = NO;
				CLANG_CXX_LANGUAGE_STANDARD = "gnu++0x";
				CLANG_CXX_LIBRARY = "libc++";
				CLANG_ENABLE_MODULES = YES;
				CLANG_ENABLE_OBJC_ARC = YES;
				CLANG_WARN_BOOL_CONVERSION = YES;
				CLANG_WARN_CONSTANT_CONVERSION = YES;
				CLANG_WARN_DIRECT_OBJC_ISA_USAGE = YES_ERROR;
				CLANG_WARN_EMPTY_BODY = YES;
				CLANG_WARN_ENUM_CONVERSION = YES;
				CLANG_WARN_INT_CONVERSION = YES;
				CLANG_WARN_OBJC_ROOT_CLASS = YES_ERROR;
				CLANG_WARN_UNREACHABLE_CODE = YES;
				CLANG_WARN__DUPLICATE_METHOD_MATCH = YES;
				"CODE_SIGN_IDENTITY[sdk=iphoneos*]" = "iPhone Developer";
				COPY_PHASE_STRIP = NO;
				DEBUG_INFORMATION_FORMAT = "dwarf-with-dsym";
				ENABLE_STRICT_OBJC_MSGSEND = YES;
				ENABLE_TESTABILITY = YES;
				GCC_C_LANGUAGE_STANDARD = gnu99;
				GCC_DYNAMIC_NO_PIC = NO;
				GCC_NO_COMMON_BLOCKS = YES;
				GCC_OPTIMIZATION_LEVEL = 0;
				GCC_PREPROCESSOR_DEFINITIONS = (
					"DEBUG=1",
					"$(inherited)",
				);
				GCC_SYMBOLS_PRIVATE_EXTERN = NO;
				GCC_WARN_64_TO_32_BIT_CONVERSION = YES;
				GCC_WARN_ABOUT_RETURN_TYPE = YES_ERROR;
				GCC_WARN_UNDECLARED_SELECTOR = YES;
				GCC_WARN_UNINITIALIZED_AUTOS = YES_AGGRESSIVE;
				GCC_WARN_UNUSED_FUNCTION = YES;
				GCC_WARN_UNUSED_VARIABLE = YES;
				IPHONEOS_DEPLOYMENT_TARGET = 8.0;
				MTL_ENABLE_DEBUG_INFO = YES;
				ONLY_ACTIVE_ARCH = YES;
				SDKROOT = iphoneos;
			};
			name = Debug;
		};
		26375CE81B85376200AEA146 /* Release */ = {
			isa = XCBuildConfiguration;
			buildSettings = {
				ALWAYS_SEARCH_USER_PATHS = NO;
				CLANG_CXX_LANGUAGE_STANDARD = "gnu++0x";
				CLANG_CXX_LIBRARY = "libc++";
				CLANG_ENABLE_MODULES = YES;
				CLANG_ENABLE_OBJC_ARC = YES;
				CLANG_WARN_BOOL_CONVERSION = YES;
				CLANG_WARN_CONSTANT_CONVERSION = YES;
				CLANG_WARN_DIRECT_OBJC_ISA_USAGE = YES_ERROR;
				CLANG_WARN_EMPTY_BODY = YES;
				CLANG_WARN_ENUM_CONVERSION = YES;
				CLANG_WARN_INT_CONVERSION = YES;
				CLANG_WARN_OBJC_ROOT_CLASS = YES_ERROR;
				CLANG_WARN_UNREACHABLE_CODE = YES;
				CLANG_WARN__DUPLICATE_METHOD_MATCH = YES;
				"CODE_SIGN_IDENTITY[sdk=iphoneos*]" = "iPhone Developer";
				COPY_PHASE_STRIP = NO;
				DEBUG_INFORMATION_FORMAT = "dwarf-with-dsym";
				ENABLE_NS_ASSERTIONS = NO;
				ENABLE_STRICT_OBJC_MSGSEND = YES;
				GCC_C_LANGUAGE_STANDARD = gnu99;
				GCC_NO_COMMON_BLOCKS = YES;
				GCC_WARN_64_TO_32_BIT_CONVERSION = YES;
				GCC_WARN_ABOUT_RETURN_TYPE = YES_ERROR;
				GCC_WARN_UNDECLARED_SELECTOR = YES;
				GCC_WARN_UNINITIALIZED_AUTOS = YES_AGGRESSIVE;
				GCC_WARN_UNUSED_FUNCTION = YES;
				GCC_WARN_UNUSED_VARIABLE = YES;
				IPHONEOS_DEPLOYMENT_TARGET = 8.0;
				MTL_ENABLE_DEBUG_INFO = NO;
				SDKROOT = iphoneos;
				VALIDATE_PRODUCT = YES;
			};
			name = Release;
		};
		26375CEA1B85376200AEA146 /* Debug */ = {
			isa = XCBuildConfiguration;
			baseConfigurationReference = 89FBB097B59F6A1F138A5736 /* Pods.debug.xcconfig */;
			buildSettings = {
				ASSETCATALOG_COMPILER_APPICON_NAME = AppIcon;
				CLANG_ENABLE_MODULES = YES;
				ENABLE_BITCODE = NO;
				GCC_PREFIX_HEADER = "Bangarang/Config/Bangarang-PrefixHeader.pch";
				INFOPLIST_FILE = Bangarang/Info.plist;
				IPHONEOS_DEPLOYMENT_TARGET = 8.0;
				LD_RUNPATH_SEARCH_PATHS = "$(inherited) @executable_path/Frameworks";
				PRODUCT_BUNDLE_IDENTIFIER = "com.gennovacap.$(PRODUCT_NAME:rfc1034identifier)";
				PRODUCT_NAME = "$(TARGET_NAME)";
				SWIFT_OBJC_BRIDGING_HEADER = "Bangarang/Config/Bangarang-Bridging-Header.h";
				SWIFT_OPTIMIZATION_LEVEL = "-Onone";
			};
			name = Debug;
		};
		26375CEB1B85376200AEA146 /* Release */ = {
			isa = XCBuildConfiguration;
			baseConfigurationReference = 631848CD498E94CA4F5D1274 /* Pods.release.xcconfig */;
			buildSettings = {
				ASSETCATALOG_COMPILER_APPICON_NAME = AppIcon;
				CLANG_ENABLE_MODULES = YES;
				ENABLE_BITCODE = NO;
				GCC_PREFIX_HEADER = "Bangarang/Config/Bangarang-PrefixHeader.pch";
				INFOPLIST_FILE = Bangarang/Info.plist;
				IPHONEOS_DEPLOYMENT_TARGET = 8.0;
				LD_RUNPATH_SEARCH_PATHS = "$(inherited) @executable_path/Frameworks";
				PRODUCT_BUNDLE_IDENTIFIER = "com.gennovacap.$(PRODUCT_NAME:rfc1034identifier)";
				PRODUCT_NAME = "$(TARGET_NAME)";
				SWIFT_OBJC_BRIDGING_HEADER = "Bangarang/Config/Bangarang-Bridging-Header.h";
			};
			name = Release;
		};
		26375CED1B85376200AEA146 /* Debug */ = {
			isa = XCBuildConfiguration;
			baseConfigurationReference = 89FBB097B59F6A1F138A5736 /* Pods.debug.xcconfig */;
			buildSettings = {
				BUNDLE_LOADER = "$(TEST_HOST)";
				FRAMEWORK_SEARCH_PATHS = (
					"$(SDKROOT)/Developer/Library/Frameworks",
					"$(inherited)",
				);
				GCC_PREPROCESSOR_DEFINITIONS = (
					"DEBUG=1",
					"$(inherited)",
				);
				INFOPLIST_FILE = BangarangTests/Info.plist;
				LD_RUNPATH_SEARCH_PATHS = "$(inherited) @executable_path/Frameworks @loader_path/Frameworks";
				PRODUCT_BUNDLE_IDENTIFIER = "com.gennovacap.$(PRODUCT_NAME:rfc1034identifier)";
				PRODUCT_NAME = "$(TARGET_NAME)";
				TEST_HOST = "$(BUILT_PRODUCTS_DIR)/Bangarang.app/Bangarang";
			};
			name = Debug;
		};
		26375CEE1B85376200AEA146 /* Release */ = {
			isa = XCBuildConfiguration;
			baseConfigurationReference = 631848CD498E94CA4F5D1274 /* Pods.release.xcconfig */;
			buildSettings = {
				BUNDLE_LOADER = "$(TEST_HOST)";
				FRAMEWORK_SEARCH_PATHS = (
					"$(SDKROOT)/Developer/Library/Frameworks",
					"$(inherited)",
				);
				INFOPLIST_FILE = BangarangTests/Info.plist;
				LD_RUNPATH_SEARCH_PATHS = "$(inherited) @executable_path/Frameworks @loader_path/Frameworks";
				PRODUCT_BUNDLE_IDENTIFIER = "com.gennovacap.$(PRODUCT_NAME:rfc1034identifier)";
				PRODUCT_NAME = "$(TARGET_NAME)";
				TEST_HOST = "$(BUILT_PRODUCTS_DIR)/Bangarang.app/Bangarang";
			};
			name = Release;
		};
/* End XCBuildConfiguration section */

/* Begin XCConfigurationList section */
		26375CC11B85376200AEA146 /* Build configuration list for PBXProject "Bangarang" */ = {
			isa = XCConfigurationList;
			buildConfigurations = (
				26375CE71B85376200AEA146 /* Debug */,
				26375CE81B85376200AEA146 /* Release */,
			);
			defaultConfigurationIsVisible = 0;
			defaultConfigurationName = Release;
		};
		26375CE91B85376200AEA146 /* Build configuration list for PBXNativeTarget "Bangarang" */ = {
			isa = XCConfigurationList;
			buildConfigurations = (
				26375CEA1B85376200AEA146 /* Debug */,
				26375CEB1B85376200AEA146 /* Release */,
			);
			defaultConfigurationIsVisible = 0;
			defaultConfigurationName = Release;
		};
		26375CEC1B85376200AEA146 /* Build configuration list for PBXNativeTarget "BangarangTests" */ = {
			isa = XCConfigurationList;
			buildConfigurations = (
				26375CED1B85376200AEA146 /* Debug */,
				26375CEE1B85376200AEA146 /* Release */,
			);
			defaultConfigurationIsVisible = 0;
			defaultConfigurationName = Release;
		};
/* End XCConfigurationList section */
	};
	rootObject = 26375CBE1B85376200AEA146 /* Project object */;
}
